// !$*UTF8*$!
{
	archiveVersion = 1;
	classes = {
	};
	objectVersion = 77;
	objects = {

/* Begin PBXBuildFile section */
		4A49370B2F3122E10043A186 /* SearchViewModel.swift in Sources */ = {isa = PBXBuildFile; fileRef = 4A49370A2F3122E10043A186 /* SearchViewModel.swift */; };
		4A49370D2F3123660043A186 /* SearchView.swift in Sources */ = {isa = PBXBuildFile; fileRef = 4A49370C2F3123660043A186 /* SearchView.swift */; };
		4A4937132F3E72CB0043A186 /* MangasViewModel.swift in Sources */ = {isa = PBXBuildFile; fileRef = 4A4937122F3E72CB0043A186 /* MangasViewModel.swift */; };
		4A4937152F3FBA600043A186 /* TestView.swift in Sources */ = {isa = PBXBuildFile; fileRef = 4A4937142F3FBA600043A186 /* TestView.swift */; };
		4A6497502EEC1C8100986CDF /* PreviewContainer.swift in Sources */ = {isa = PBXBuildFile; fileRef = 4A64974F2EEC1C8100986CDF /* PreviewContainer.swift */; };
		4A6497562EF15D9E00986CDF /* DataContainer.swift in Sources */ = {isa = PBXBuildFile; fileRef = 4A6497552EF15D9E00986CDF /* DataContainer.swift */; };
		4A8096242F3FD0C10021993F /* BestMangasGridView.swift in Sources */ = {isa = PBXBuildFile; fileRef = 4A8096232F3FD0C10021993F /* BestMangasGridView.swift */; };
		4A8096262F3FD5180021993F /* MangaListView.swift in Sources */ = {isa = PBXBuildFile; fileRef = 4A8096252F3FD5180021993F /* MangaListView.swift */; };
		4A8096282F408F7C0021993F /* BestMangasViewModel.swift in Sources */ = {isa = PBXBuildFile; fileRef = 4A8096272F408F7C0021993F /* BestMangasViewModel.swift */; };
		4AA4A4012F0C0AF500835A49 /* BackgroundPictureView.swift in Sources */ = {isa = PBXBuildFile; fileRef = 4AA4A4002F0C0AF500835A49 /* BackgroundPictureView.swift */; };
		4AAE82202EFAC65F00B870C6 /* MainPictureVM.swift in Sources */ = {isa = PBXBuildFile; fileRef = 4AAE821F2EFAC65F00B870C6 /* MainPictureVM.swift */; };
		4AAE82222EFADD8B00B870C6 /* MainTab.swift in Sources */ = {isa = PBXBuildFile; fileRef = 4AAE82212EFADD8B00B870C6 /* MainTab.swift */; };
		4AAE82292EFAE3D700B870C6 /* MainPictureView.swift in Sources */ = {isa = PBXBuildFile; fileRef = 4AAE82282EFAE3D700B870C6 /* MainPictureView.swift */; };
		4AAE822C2EFAEAFE00B870C6 /* MangaView.swift in Sources */ = {isa = PBXBuildFile; fileRef = 4AAE822B2EFAEAFE00B870C6 /* MangaView.swift */; };
		4AAE823A2EFAF67200B870C6 /* NetworkAPI in Frameworks */ = {isa = PBXBuildFile; productRef = 4AAE82392EFAF67200B870C6 /* NetworkAPI */; };
		4ACB65E42F0D2BA300F552FF /* FavoritesViewModel.swift in Sources */ = {isa = PBXBuildFile; fileRef = 4ACB65E32F0D2BA300F552FF /* FavoritesViewModel.swift */; };
		4ACB65E62F0D2C1500F552FF /* FavoriteManga.swift in Sources */ = {isa = PBXBuildFile; fileRef = 4ACB65E52F0D2C1500F552FF /* FavoriteManga.swift */; };
		4ACB65E82F0D2E4C00F552FF /* FavoritesView.swift in Sources */ = {isa = PBXBuildFile; fileRef = 4ACB65E72F0D2E4C00F552FF /* FavoritesView.swift */; };
		4AEE6CED2F4A11FF00092CF2 /* CollectionEntryRow.swift in Sources */ = {isa = PBXBuildFile; fileRef = 4AEE6CE52F4A11FF00092CF2 /* CollectionEntryRow.swift */; };
		4AEE6CEE2F4A11FF00092CF2 /* CurrentlyReadingRow.swift in Sources */ = {isa = PBXBuildFile; fileRef = 4AEE6CE82F4A11FF00092CF2 /* CurrentlyReadingRow.swift */; };
		4AEE6CEF2F4A11FF00092CF2 /* MangaRow.swift in Sources */ = {isa = PBXBuildFile; fileRef = 4AEE6CE92F4A11FF00092CF2 /* MangaRow.swift */; };
		4AEE6CF02F4A11FF00092CF2 /* RatingView.swift in Sources */ = {isa = PBXBuildFile; fileRef = 4AEE6CEA2F4A11FF00092CF2 /* RatingView.swift */; };
		4AEE6CF12F4A11FF00092CF2 /* VolumeChip.swift in Sources */ = {isa = PBXBuildFile; fileRef = 4AEE6CEC2F4A11FF00092CF2 /* VolumeChip.swift */; };
		4AEE6CF22F4A11FF00092CF2 /* CollectionGridCard.swift in Sources */ = {isa = PBXBuildFile; fileRef = 4AEE6CE62F4A11FF00092CF2 /* CollectionGridCard.swift */; };
		4AEE6CF32F4A11FF00092CF2 /* StatCard.swift in Sources */ = {isa = PBXBuildFile; fileRef = 4AEE6CEB2F4A11FF00092CF2 /* StatCard.swift */; };
		4AEE6CF42F4A11FF00092CF2 /* CompleteMangaCard.swift in Sources */ = {isa = PBXBuildFile; fileRef = 4AEE6CE72F4A11FF00092CF2 /* CompleteMangaCard.swift */; };
		4AEE6CF62F4A148000092CF2 /* UserProfileView.swift in Sources */ = {isa = PBXBuildFile; fileRef = 4AEE6CF52F4A148000092CF2 /* UserProfileView.swift */; };
		4AEE6D162F4A67F600092CF2 /* CustomSearch.swift in Sources */ = {isa = PBXBuildFile; fileRef = 4AEE6D0B2F4A67F600092CF2 /* CustomSearch.swift */; };
		4AEE6D172F4A67F600092CF2 /* MangaPageDTO.swift in Sources */ = {isa = PBXBuildFile; fileRef = 4AEE6D002F4A67F600092CF2 /* MangaPageDTO.swift */; };
		4AEE6D182F4A67F600092CF2 /* AuthorIdsRequest.swift in Sources */ = {isa = PBXBuildFile; fileRef = 4AEE6CF82F4A67F600092CF2 /* AuthorIdsRequest.swift */; };
		4AEE6D192F4A67F600092CF2 /* DemographicDTO.swift in Sources */ = {isa = PBXBuildFile; fileRef = 4AEE6CFC2F4A67F600092CF2 /* DemographicDTO.swift */; };
		4AEE6D1A2F4A67F600092CF2 /* GenreDTO.swift in Sources */ = {isa = PBXBuildFile; fileRef = 4AEE6CFD2F4A67F600092CF2 /* GenreDTO.swift */; };
		4AEE6D1B2F4A67F600092CF2 /* ThemeDTO.swift in Sources */ = {isa = PBXBuildFile; fileRef = 4AEE6D032F4A67F600092CF2 /* ThemeDTO.swift */; };
		4AEE6D1E2F4A67F600092CF2 /* AuthorDTO.swift in Sources */ = {isa = PBXBuildFile; fileRef = 4AEE6CF72F4A67F600092CF2 /* AuthorDTO.swift */; };
		4AEE6D1F2F4A67F600092CF2 /* UsersCreate.swift in Sources */ = {isa = PBXBuildFile; fileRef = 4AEE6D082F4A67F600092CF2 /* UsersCreate.swift */; };
		4AEE6D202F4A67F600092CF2 /* UserMangaCollectionRequest.swift in Sources */ = {isa = PBXBuildFile; fileRef = 4AEE6D062F4A67F600092CF2 /* UserMangaCollectionRequest.swift */; };
		4AEE6D212F4A67F600092CF2 /* UserMangaCollectionDTO.swift in Sources */ = {isa = PBXBuildFile; fileRef = 4AEE6D052F4A67F600092CF2 /* UserMangaCollectionDTO.swift */; };
		4AEE6D232F4A67F600092CF2 /* AuthorRole.swift in Sources */ = {isa = PBXBuildFile; fileRef = 4AEE6CFA2F4A67F600092CF2 /* AuthorRole.swift */; };
		4AEE6D242F4A67F600092CF2 /* PageMetadataDTO.swift in Sources */ = {isa = PBXBuildFile; fileRef = 4AEE6D022F4A67F600092CF2 /* PageMetadataDTO.swift */; };
		4AEE6D252F4A67F600092CF2 /* AuthorPageDTO.swift in Sources */ = {isa = PBXBuildFile; fileRef = 4AEE6CF92F4A67F600092CF2 /* AuthorPageDTO.swift */; };
		4AEE6D262F4A67F600092CF2 /* JWTTokenResponse.swift in Sources */ = {isa = PBXBuildFile; fileRef = 4AEE6CFE2F4A67F600092CF2 /* JWTTokenResponse.swift */; };
		4AEE6D282F4A67F600092CF2 /* TokenResponse.swift in Sources */ = {isa = PBXBuildFile; fileRef = 4AEE6D112F4A67F600092CF2 /* TokenResponse.swift */; };
		4AEE6D292F4A67F600092CF2 /* MangaStatus.swift in Sources */ = {isa = PBXBuildFile; fileRef = 4AEE6D0F2F4A67F600092CF2 /* MangaStatus.swift */; };
		4AEE6D2A2F4A67F600092CF2 /* MangaDTO.swift in Sources */ = {isa = PBXBuildFile; fileRef = 4AEE6CFF2F4A67F600092CF2 /* MangaDTO.swift */; };
		4AEE6D2D2F4A67F600092CF2 /* UserResponse.swift in Sources */ = {isa = PBXBuildFile; fileRef = 4AEE6D122F4A67F600092CF2 /* UserResponse.swift */; };
		4AEE6D312F4B4CD200092CF2 /* ModelContext+MangaPersistence.swift in Sources */ = {isa = PBXBuildFile; fileRef = 4AEE6D302F4B4CD200092CF2 /* ModelContext+MangaPersistence.swift */; };
		4AF16A462F41FABE003D43BB /* mangas.icon in Resources */ = {isa = PBXBuildFile; fileRef = 4AF16A452F41FABE003D43BB /* mangas.icon */; };
		4AF16A6C2F4255FC003D43BB /* StringExtensions.swift in Sources */ = {isa = PBXBuildFile; fileRef = 4AF16A6B2F4255FC003D43BB /* StringExtensions.swift */; };
		4AF16A722F425B9E003D43BB /* UserMangaCollection.swift in Sources */ = {isa = PBXBuildFile; fileRef = 4AF16A712F425B9E003D43BB /* UserMangaCollection.swift */; };
		4AF16A742F425BCD003D43BB /* UserCollectionViewModel.swift in Sources */ = {isa = PBXBuildFile; fileRef = 4AF16A732F425BCD003D43BB /* UserCollectionViewModel.swift */; };
		4AF16A782F425CFD003D43BB /* UserCollectionView.swift in Sources */ = {isa = PBXBuildFile; fileRef = 4AF16A772F425CFD003D43BB /* UserCollectionView.swift */; };
		4AF16A7A2F425EC6003D43BB /* EditCollectionSheet.swift in Sources */ = {isa = PBXBuildFile; fileRef = 4AF16A792F425EC6003D43BB /* EditCollectionSheet.swift */; };
		4AF9E6472EE6CE77005801A6 /* ContentView.swift in Sources */ = {isa = PBXBuildFile; fileRef = 4AF9E6442EE6CE77005801A6 /* ContentView.swift */; };
		4AF9E6482EE6CE77005801A6 /* MisMangasApp.swift in Sources */ = {isa = PBXBuildFile; fileRef = 4AF9E6452EE6CE77005801A6 /* MisMangasApp.swift */; };
		4AF9E6492EE6CE77005801A6 /* Assets.xcassets in Resources */ = {isa = PBXBuildFile; fileRef = 4AF9E6432EE6CE77005801A6 /* Assets.xcassets */; };
		4AF9E6542EE6DEB5005801A6 /* Model.swift in Sources */ = {isa = PBXBuildFile; fileRef = 4AF9E6532EE6DEB5005801A6 /* Model.swift */; };
		4AF9E6572EE6E8F9005801A6 /* URL.swift in Sources */ = {isa = PBXBuildFile; fileRef = 4AF9E6562EE6E8F9005801A6 /* URL.swift */; };
		4AF9E66D2EE820D7005801A6 /* Network.swift in Sources */ = {isa = PBXBuildFile; fileRef = 4AF9E66C2EE820D7005801A6 /* Network.swift */; };
		4AF9E67E2EE9D094005801A6 /* PreviewData.swift in Sources */ = {isa = PBXBuildFile; fileRef = 4AF9E67D2EE9D094005801A6 /* PreviewData.swift */; };
/* End PBXBuildFile section */

/* Begin PBXFileReference section */
		4A49370A2F3122E10043A186 /* SearchViewModel.swift */ = {isa = PBXFileReference; lastKnownFileType = sourcecode.swift; path = SearchViewModel.swift; sourceTree = "<group>"; };
		4A49370C2F3123660043A186 /* SearchView.swift */ = {isa = PBXFileReference; lastKnownFileType = sourcecode.swift; path = SearchView.swift; sourceTree = "<group>"; };
		4A4937122F3E72CB0043A186 /* MangasViewModel.swift */ = {isa = PBXFileReference; lastKnownFileType = sourcecode.swift; path = MangasViewModel.swift; sourceTree = "<group>"; };
		4A4937142F3FBA600043A186 /* TestView.swift */ = {isa = PBXFileReference; lastKnownFileType = sourcecode.swift; path = TestView.swift; sourceTree = "<group>"; };
		4A64974F2EEC1C8100986CDF /* PreviewContainer.swift */ = {isa = PBXFileReference; lastKnownFileType = sourcecode.swift; path = PreviewContainer.swift; sourceTree = "<group>"; };
		4A6497552EF15D9E00986CDF /* DataContainer.swift */ = {isa = PBXFileReference; lastKnownFileType = sourcecode.swift; path = DataContainer.swift; sourceTree = "<group>"; };
		4A7D620C2EE43963005006CE /* MisMangas.app */ = {isa = PBXFileReference; explicitFileType = wrapper.application; includeInIndex = 0; path = MisMangas.app; sourceTree = BUILT_PRODUCTS_DIR; };
		4A8096232F3FD0C10021993F /* BestMangasGridView.swift */ = {isa = PBXFileReference; lastKnownFileType = sourcecode.swift; path = BestMangasGridView.swift; sourceTree = "<group>"; };
		4A8096252F3FD5180021993F /* MangaListView.swift */ = {isa = PBXFileReference; lastKnownFileType = sourcecode.swift; path = MangaListView.swift; sourceTree = "<group>"; };
		4A8096272F408F7C0021993F /* BestMangasViewModel.swift */ = {isa = PBXFileReference; lastKnownFileType = sourcecode.swift; path = BestMangasViewModel.swift; sourceTree = "<group>"; };
		4AA4A4002F0C0AF500835A49 /* BackgroundPictureView.swift */ = {isa = PBXFileReference; lastKnownFileType = sourcecode.swift; path = BackgroundPictureView.swift; sourceTree = "<group>"; };
		4AAE821F2EFAC65F00B870C6 /* MainPictureVM.swift */ = {isa = PBXFileReference; lastKnownFileType = sourcecode.swift; path = MainPictureVM.swift; sourceTree = "<group>"; };
		4AAE82212EFADD8B00B870C6 /* MainTab.swift */ = {isa = PBXFileReference; lastKnownFileType = sourcecode.swift; path = MainTab.swift; sourceTree = "<group>"; };
		4AAE82282EFAE3D700B870C6 /* MainPictureView.swift */ = {isa = PBXFileReference; lastKnownFileType = sourcecode.swift; path = MainPictureView.swift; sourceTree = "<group>"; };
		4AAE822B2EFAEAFE00B870C6 /* MangaView.swift */ = {isa = PBXFileReference; lastKnownFileType = sourcecode.swift; path = MangaView.swift; sourceTree = "<group>"; };
		4ACB65E32F0D2BA300F552FF /* FavoritesViewModel.swift */ = {isa = PBXFileReference; lastKnownFileType = sourcecode.swift; path = FavoritesViewModel.swift; sourceTree = "<group>"; };
		4ACB65E52F0D2C1500F552FF /* FavoriteManga.swift */ = {isa = PBXFileReference; lastKnownFileType = sourcecode.swift; path = FavoriteManga.swift; sourceTree = "<group>"; };
		4ACB65E72F0D2E4C00F552FF /* FavoritesView.swift */ = {isa = PBXFileReference; lastKnownFileType = sourcecode.swift; path = FavoritesView.swift; sourceTree = "<group>"; };
		4AEE6CE52F4A11FF00092CF2 /* CollectionEntryRow.swift */ = {isa = PBXFileReference; lastKnownFileType = sourcecode.swift; path = CollectionEntryRow.swift; sourceTree = "<group>"; };
		4AEE6CE62F4A11FF00092CF2 /* CollectionGridCard.swift */ = {isa = PBXFileReference; lastKnownFileType = sourcecode.swift; path = CollectionGridCard.swift; sourceTree = "<group>"; };
		4AEE6CE72F4A11FF00092CF2 /* CompleteMangaCard.swift */ = {isa = PBXFileReference; lastKnownFileType = sourcecode.swift; path = CompleteMangaCard.swift; sourceTree = "<group>"; };
		4AEE6CE82F4A11FF00092CF2 /* CurrentlyReadingRow.swift */ = {isa = PBXFileReference; lastKnownFileType = sourcecode.swift; path = CurrentlyReadingRow.swift; sourceTree = "<group>"; };
		4AEE6CE92F4A11FF00092CF2 /* MangaRow.swift */ = {isa = PBXFileReference; lastKnownFileType = sourcecode.swift; path = MangaRow.swift; sourceTree = "<group>"; };
		4AEE6CEA2F4A11FF00092CF2 /* RatingView.swift */ = {isa = PBXFileReference; lastKnownFileType = sourcecode.swift; path = RatingView.swift; sourceTree = "<group>"; };
		4AEE6CEB2F4A11FF00092CF2 /* StatCard.swift */ = {isa = PBXFileReference; lastKnownFileType = sourcecode.swift; path = StatCard.swift; sourceTree = "<group>"; };
		4AEE6CEC2F4A11FF00092CF2 /* VolumeChip.swift */ = {isa = PBXFileReference; lastKnownFileType = sourcecode.swift; path = VolumeChip.swift; sourceTree = "<group>"; };
		4AEE6CF52F4A148000092CF2 /* UserProfileView.swift */ = {isa = PBXFileReference; lastKnownFileType = sourcecode.swift; path = UserProfileView.swift; sourceTree = "<group>"; };
		4AEE6CF72F4A67F600092CF2 /* AuthorDTO.swift */ = {isa = PBXFileReference; lastKnownFileType = sourcecode.swift; path = AuthorDTO.swift; sourceTree = "<group>"; };
		4AEE6CF82F4A67F600092CF2 /* AuthorIdsRequest.swift */ = {isa = PBXFileReference; lastKnownFileType = sourcecode.swift; path = AuthorIdsRequest.swift; sourceTree = "<group>"; };
		4AEE6CF92F4A67F600092CF2 /* AuthorPageDTO.swift */ = {isa = PBXFileReference; lastKnownFileType = sourcecode.swift; path = AuthorPageDTO.swift; sourceTree = "<group>"; };
		4AEE6CFA2F4A67F600092CF2 /* AuthorRole.swift */ = {isa = PBXFileReference; lastKnownFileType = sourcecode.swift; path = AuthorRole.swift; sourceTree = "<group>"; };
		4AEE6CFC2F4A67F600092CF2 /* DemographicDTO.swift */ = {isa = PBXFileReference; lastKnownFileType = sourcecode.swift; path = DemographicDTO.swift; sourceTree = "<group>"; };
		4AEE6CFD2F4A67F600092CF2 /* GenreDTO.swift */ = {isa = PBXFileReference; lastKnownFileType = sourcecode.swift; path = GenreDTO.swift; sourceTree = "<group>"; };
		4AEE6CFE2F4A67F600092CF2 /* JWTTokenResponse.swift */ = {isa = PBXFileReference; lastKnownFileType = sourcecode.swift; path = JWTTokenResponse.swift; sourceTree = "<group>"; };
		4AEE6CFF2F4A67F600092CF2 /* MangaDTO.swift */ = {isa = PBXFileReference; lastKnownFileType = sourcecode.swift; path = MangaDTO.swift; sourceTree = "<group>"; };
		4AEE6D002F4A67F600092CF2 /* MangaPageDTO.swift */ = {isa = PBXFileReference; lastKnownFileType = sourcecode.swift; path = MangaPageDTO.swift; sourceTree = "<group>"; };
		4AEE6D022F4A67F600092CF2 /* PageMetadataDTO.swift */ = {isa = PBXFileReference; lastKnownFileType = sourcecode.swift; path = PageMetadataDTO.swift; sourceTree = "<group>"; };
		4AEE6D032F4A67F600092CF2 /* ThemeDTO.swift */ = {isa = PBXFileReference; lastKnownFileType = sourcecode.swift; path = ThemeDTO.swift; sourceTree = "<group>"; };
		4AEE6D052F4A67F600092CF2 /* UserMangaCollectionDTO.swift */ = {isa = PBXFileReference; lastKnownFileType = sourcecode.swift; path = UserMangaCollectionDTO.swift; sourceTree = "<group>"; };
		4AEE6D062F4A67F600092CF2 /* UserMangaCollectionRequest.swift */ = {isa = PBXFileReference; lastKnownFileType = sourcecode.swift; path = UserMangaCollectionRequest.swift; sourceTree = "<group>"; };
		4AEE6D082F4A67F600092CF2 /* UsersCreate.swift */ = {isa = PBXFileReference; lastKnownFileType = sourcecode.swift; path = UsersCreate.swift; sourceTree = "<group>"; };
		4AEE6D0B2F4A67F600092CF2 /* CustomSearch.swift */ = {isa = PBXFileReference; lastKnownFileType = sourcecode.swift; path = CustomSearch.swift; sourceTree = "<group>"; };
		4AEE6D0F2F4A67F600092CF2 /* MangaStatus.swift */ = {isa = PBXFileReference; lastKnownFileType = sourcecode.swift; path = MangaStatus.swift; sourceTree = "<group>"; };
		4AEE6D112F4A67F600092CF2 /* TokenResponse.swift */ = {isa = PBXFileReference; lastKnownFileType = sourcecode.swift; path = TokenResponse.swift; sourceTree = "<group>"; };
		4AEE6D122F4A67F600092CF2 /* UserResponse.swift */ = {isa = PBXFileReference; lastKnownFileType = sourcecode.swift; path = UserResponse.swift; sourceTree = "<group>"; };
		4AEE6D302F4B4CD200092CF2 /* ModelContext+MangaPersistence.swift */ = {isa = PBXFileReference; lastKnownFileType = sourcecode.swift; path = "ModelContext+MangaPersistence.swift"; sourceTree = "<group>"; };
		4AF16A452F41FABE003D43BB /* mangas.icon */ = {isa = PBXFileReference; lastKnownFileType = folder.iconcomposer.icon; path = mangas.icon; sourceTree = "<group>"; };
		4AF16A6B2F4255FC003D43BB /* StringExtensions.swift */ = {isa = PBXFileReference; lastKnownFileType = sourcecode.swift; path = StringExtensions.swift; sourceTree = "<group>"; };
		4AF16A712F425B9E003D43BB /* UserMangaCollection.swift */ = {isa = PBXFileReference; lastKnownFileType = sourcecode.swift; path = UserMangaCollection.swift; sourceTree = "<group>"; };
		4AF16A732F425BCD003D43BB /* UserCollectionViewModel.swift */ = {isa = PBXFileReference; lastKnownFileType = sourcecode.swift; path = UserCollectionViewModel.swift; sourceTree = "<group>"; };
		4AF16A772F425CFD003D43BB /* UserCollectionView.swift */ = {isa = PBXFileReference; lastKnownFileType = sourcecode.swift; path = UserCollectionView.swift; sourceTree = "<group>"; };
		4AF16A792F425EC6003D43BB /* EditCollectionSheet.swift */ = {isa = PBXFileReference; lastKnownFileType = sourcecode.swift; path = EditCollectionSheet.swift; sourceTree = "<group>"; };
		4AF9E6432EE6CE77005801A6 /* Assets.xcassets */ = {isa = PBXFileReference; lastKnownFileType = folder.assetcatalog; path = Assets.xcassets; sourceTree = "<group>"; };
		4AF9E6442EE6CE77005801A6 /* ContentView.swift */ = {isa = PBXFileReference; lastKnownFileType = sourcecode.swift; path = ContentView.swift; sourceTree = "<group>"; };
		4AF9E6452EE6CE77005801A6 /* MisMangasApp.swift */ = {isa = PBXFileReference; lastKnownFileType = sourcecode.swift; path = MisMangasApp.swift; sourceTree = "<group>"; };
		4AF9E6532EE6DEB5005801A6 /* Model.swift */ = {isa = PBXFileReference; lastKnownFileType = sourcecode.swift; path = Model.swift; sourceTree = "<group>"; };
		4AF9E6562EE6E8F9005801A6 /* URL.swift */ = {isa = PBXFileReference; lastKnownFileType = sourcecode.swift; path = URL.swift; sourceTree = "<group>"; };
		4AF9E66C2EE820D7005801A6 /* Network.swift */ = {isa = PBXFileReference; lastKnownFileType = sourcecode.swift; path = Network.swift; sourceTree = "<group>"; };
		4AF9E67D2EE9D094005801A6 /* PreviewData.swift */ = {isa = PBXFileReference; lastKnownFileType = sourcecode.swift; path = PreviewData.swift; sourceTree = "<group>"; };
/* End PBXFileReference section */

/* Begin PBXFrameworksBuildPhase section */
		4A7D62092EE43963005006CE /* Frameworks */ = {
			isa = PBXFrameworksBuildPhase;
			buildActionMask = 2147483647;
			files = (
				4AAE823A2EFAF67200B870C6 /* NetworkAPI in Frameworks */,
			);
			runOnlyForDeploymentPostprocessing = 0;
		};
/* End PBXFrameworksBuildPhase section */

/* Begin PBXGroup section */
		4A7D62032EE43963005006CE = {
			isa = PBXGroup;
			children = (
				4AF9E6462EE6CE77005801A6 /* MisMangas */,
				4A7D620D2EE43963005006CE /* Products */,
			);
			sourceTree = "<group>";
		};
		4A7D620D2EE43963005006CE /* Products */ = {
			isa = PBXGroup;
			children = (
				4A7D620C2EE43963005006CE /* MisMangas.app */,
			);
			name = Products;
			sourceTree = "<group>";
		};
		4AA4A4022F0C0E9F00835A49 /* Extensions */ = {
			isa = PBXGroup;
			children = (
				4AEE6D302F4B4CD200092CF2 /* ModelContext+MangaPersistence.swift */,
				4AF16A6B2F4255FC003D43BB /* StringExtensions.swift */,
			);
			path = Extensions;
			sourceTree = "<group>";
		};
		4AEE6D092F4A67F600092CF2 /* DTO */ = {
			isa = PBXGroup;
			children = (
				4AEE6CF72F4A67F600092CF2 /* AuthorDTO.swift */,
				4AEE6CF82F4A67F600092CF2 /* AuthorIdsRequest.swift */,
				4AEE6CF92F4A67F600092CF2 /* AuthorPageDTO.swift */,
				4AEE6CFA2F4A67F600092CF2 /* AuthorRole.swift */,
				4AEE6CFC2F4A67F600092CF2 /* DemographicDTO.swift */,
				4AEE6CFD2F4A67F600092CF2 /* GenreDTO.swift */,
				4AEE6CFE2F4A67F600092CF2 /* JWTTokenResponse.swift */,
				4AEE6CFF2F4A67F600092CF2 /* MangaDTO.swift */,
				4AEE6D002F4A67F600092CF2 /* MangaPageDTO.swift */,
				4AEE6D022F4A67F600092CF2 /* PageMetadataDTO.swift */,
				4AEE6D032F4A67F600092CF2 /* ThemeDTO.swift */,
				4AEE6D052F4A67F600092CF2 /* UserMangaCollectionDTO.swift */,
				4AEE6D062F4A67F600092CF2 /* UserMangaCollectionRequest.swift */,
				4AEE6D082F4A67F600092CF2 /* UsersCreate.swift */,
			);
			path = DTO;
			sourceTree = "<group>";
		};
		4AEE6D132F4A67F600092CF2 /* Model */ = {
			isa = PBXGroup;
			children = (
				4AEE6D092F4A67F600092CF2 /* DTO */,
				4AEE6D0B2F4A67F600092CF2 /* CustomSearch.swift */,
				4AEE6D0F2F4A67F600092CF2 /* MangaStatus.swift */,
			);
			path = Model;
			sourceTree = "<group>";
		};
		4AEE6D2F2F4A6CC200092CF2 /* User */ = {
			isa = PBXGroup;
			children = (
				4AEE6D112F4A67F600092CF2 /* TokenResponse.swift */,
				4AEE6D122F4A67F600092CF2 /* UserResponse.swift */,
			);
			path = User;
			sourceTree = "<group>";
		};
		4AF3D08A2F0C05D3009342FE /* Main Picture */ = {
			isa = PBXGroup;
			children = (
				4AAE82282EFAE3D700B870C6 /* MainPictureView.swift */,
				4AAE821F2EFAC65F00B870C6 /* MainPictureVM.swift */,
			);
			path = "Main Picture";
			sourceTree = "<group>";
		};
		4AF9E6462EE6CE77005801A6 /* MisMangas */ = {
			isa = PBXGroup;
			children = (
				4AA4A4022F0C0E9F00835A49 /* Extensions */,
				4AF9E6502EE6CEAB005801A6 /* Components */,
				4AF3D08A2F0C05D3009342FE /* Main Picture */,
				4AF9E64F2EE6CEA7005801A6 /* Views */,
				4AEE6D2F2F4A6CC200092CF2 /* User */,
				4AEE6D132F4A67F600092CF2 /* Model */,
				4AF9E64E2EE6CEA1005801A6 /* ViewModel */,
				4AF9E64C2EE6CE90005801A6 /* Network */,
				4AF9E6552EE6E005005801A6 /* DataModel */,
				4AF9E64A2EE6CE7C005801A6 /* System */,
				4AF9E6432EE6CE77005801A6 /* Assets.xcassets */,
				4AAE82212EFADD8B00B870C6 /* MainTab.swift */,
				4A4937142F3FBA600043A186 /* TestView.swift */,
				4AF16A452F41FABE003D43BB /* mangas.icon */,
			);
			path = MisMangas;
			sourceTree = "<group>";
		};
		4AF9E64A2EE6CE7C005801A6 /* System */ = {
			isa = PBXGroup;
			children = (
				4AF9E6452EE6CE77005801A6 /* MisMangasApp.swift */,
			);
			path = System;
			sourceTree = "<group>";
		};
		4AF9E64C2EE6CE90005801A6 /* Network */ = {
			isa = PBXGroup;
			children = (
				4AF9E6562EE6E8F9005801A6 /* URL.swift */,
				4AF9E66C2EE820D7005801A6 /* Network.swift */,
			);
			path = Network;
			sourceTree = "<group>";
		};
		4AF9E64E2EE6CEA1005801A6 /* ViewModel */ = {
			isa = PBXGroup;
			children = (
				4A8096272F408F7C0021993F /* BestMangasViewModel.swift */,
				4ACB65E32F0D2BA300F552FF /* FavoritesViewModel.swift */,
				4A49370A2F3122E10043A186 /* SearchViewModel.swift */,
				4A4937122F3E72CB0043A186 /* MangasViewModel.swift */,
				4AF16A732F425BCD003D43BB /* UserCollectionViewModel.swift */,
			);
			path = ViewModel;
			sourceTree = "<group>";
		};
		4AF9E64F2EE6CEA7005801A6 /* Views */ = {
			isa = PBXGroup;
			children = (
				4AAE822B2EFAEAFE00B870C6 /* MangaView.swift */,
				4AA4A4002F0C0AF500835A49 /* BackgroundPictureView.swift */,
				4ACB65E72F0D2E4C00F552FF /* FavoritesView.swift */,
				4A49370C2F3123660043A186 /* SearchView.swift */,
				4A8096232F3FD0C10021993F /* BestMangasGridView.swift */,
				4A8096252F3FD5180021993F /* MangaListView.swift */,
				4AF16A792F425EC6003D43BB /* EditCollectionSheet.swift */,
				4AEE6CF52F4A148000092CF2 /* UserProfileView.swift */,
				4AF16A772F425CFD003D43BB /* UserCollectionView.swift */,
				4AF9E6442EE6CE77005801A6 /* ContentView.swift */,
			);
			path = Views;
			sourceTree = "<group>";
		};
		4AF9E6502EE6CEAB005801A6 /* Components */ = {
			isa = PBXGroup;
			children = (
				4AEE6CE52F4A11FF00092CF2 /* CollectionEntryRow.swift */,
				4AEE6CE62F4A11FF00092CF2 /* CollectionGridCard.swift */,
				4AEE6CE72F4A11FF00092CF2 /* CompleteMangaCard.swift */,
				4AEE6CE82F4A11FF00092CF2 /* CurrentlyReadingRow.swift */,
				4AEE6CE92F4A11FF00092CF2 /* MangaRow.swift */,
				4AEE6CEA2F4A11FF00092CF2 /* RatingView.swift */,
				4AEE6CEB2F4A11FF00092CF2 /* StatCard.swift */,
				4AEE6CEC2F4A11FF00092CF2 /* VolumeChip.swift */,
			);
			path = Components;
			sourceTree = "<group>";
		};
		4AF9E6552EE6E005005801A6 /* DataModel */ = {
			isa = PBXGroup;
			children = (
				4AF9E6532EE6DEB5005801A6 /* Model.swift */,
				4AF9E67D2EE9D094005801A6 /* PreviewData.swift */,
				4A64974F2EEC1C8100986CDF /* PreviewContainer.swift */,
				4A6497552EF15D9E00986CDF /* DataContainer.swift */,
				4ACB65E52F0D2C1500F552FF /* FavoriteManga.swift */,
				4AF16A712F425B9E003D43BB /* UserMangaCollection.swift */,
			);
			path = DataModel;
			sourceTree = "<group>";
		};
/* End PBXGroup section */

/* Begin PBXNativeTarget section */
		4A7D620B2EE43963005006CE /* MisMangas */ = {
			isa = PBXNativeTarget;
			buildConfigurationList = 4A7D62172EE43966005006CE /* Build configuration list for PBXNativeTarget "MisMangas" */;
			buildPhases = (
				4A7D62082EE43963005006CE /* Sources */,
				4A7D62092EE43963005006CE /* Frameworks */,
				4A7D620A2EE43963005006CE /* Resources */,
			);
			buildRules = (
			);
			dependencies = (
			);
			name = MisMangas;
			packageProductDependencies = (
				4AAE82392EFAF67200B870C6 /* NetworkAPI */,
			);
			productName = MisMangas;
			productReference = 4A7D620C2EE43963005006CE /* MisMangas.app */;
			productType = "com.apple.product-type.application";
		};
/* End PBXNativeTarget section */

/* Begin PBXProject section */
		4A7D62042EE43963005006CE /* Project object */ = {
			isa = PBXProject;
			attributes = {
				BuildIndependentTargetsInParallel = 1;
				LastSwiftUpdateCheck = 2610;
				LastUpgradeCheck = 2620;
				TargetAttributes = {
					4A7D620B2EE43963005006CE = {
						CreatedOnToolsVersion = 26.1.1;
					};
				};
			};
			buildConfigurationList = 4A7D62072EE43963005006CE /* Build configuration list for PBXProject "MisMangas" */;
			developmentRegion = en;
			hasScannedForEncodings = 0;
			knownRegions = (
				en,
				Base,
			);
			mainGroup = 4A7D62032EE43963005006CE;
			minimizedProjectReferenceProxies = 1;
			packageReferences = (
				4AAE82382EFAF67200B870C6 /* XCLocalSwiftPackageReference "../../Library/Mobile Documents/com~apple~CloudDocs/Swift Develope/NetworkAPI" */,
			);
			preferredProjectObjectVersion = 77;
			productRefGroup = 4A7D620D2EE43963005006CE /* Products */;
			projectDirPath = "";
			projectRoot = "";
			targets = (
				4A7D620B2EE43963005006CE /* MisMangas */,
			);
		};
/* End PBXProject section */

/* Begin PBXResourcesBuildPhase section */
		4A7D620A2EE43963005006CE /* Resources */ = {
			isa = PBXResourcesBuildPhase;
			buildActionMask = 2147483647;
			files = (
				4AF9E6492EE6CE77005801A6 /* Assets.xcassets in Resources */,
				4AF16A462F41FABE003D43BB /* mangas.icon in Resources */,
			);
			runOnlyForDeploymentPostprocessing = 0;
		};
/* End PBXResourcesBuildPhase section */

/* Begin PBXSourcesBuildPhase section */
		4A7D62082EE43963005006CE /* Sources */ = {
			isa = PBXSourcesBuildPhase;
			buildActionMask = 2147483647;
			files = (
				4A4937152F3FBA600043A186 /* TestView.swift in Sources */,
				4ACB65E82F0D2E4C00F552FF /* FavoritesView.swift in Sources */,
				4AF9E6572EE6E8F9005801A6 /* URL.swift in Sources */,
				4AF16A742F425BCD003D43BB /* UserCollectionViewModel.swift in Sources */,
				4A4937132F3E72CB0043A186 /* MangasViewModel.swift in Sources */,
				4AAE82222EFADD8B00B870C6 /* MainTab.swift in Sources */,
				4AAE82202EFAC65F00B870C6 /* MainPictureVM.swift in Sources */,
				4AF16A782F425CFD003D43BB /* UserCollectionView.swift in Sources */,
				4AAE82292EFAE3D700B870C6 /* MainPictureView.swift in Sources */,
				4A6497502EEC1C8100986CDF /* PreviewContainer.swift in Sources */,
				4AF9E6472EE6CE77005801A6 /* ContentView.swift in Sources */,
				4ACB65E42F0D2BA300F552FF /* FavoritesViewModel.swift in Sources */,
				4ACB65E62F0D2C1500F552FF /* FavoriteManga.swift in Sources */,
				4A49370D2F3123660043A186 /* SearchView.swift in Sources */,
				4A8096242F3FD0C10021993F /* BestMangasGridView.swift in Sources */,
				4A6497562EF15D9E00986CDF /* DataContainer.swift in Sources */,
				4AF9E67E2EE9D094005801A6 /* PreviewData.swift in Sources */,
				4AF9E6482EE6CE77005801A6 /* MisMangasApp.swift in Sources */,
				4A49370B2F3122E10043A186 /* SearchViewModel.swift in Sources */,
				4AAE822C2EFAEAFE00B870C6 /* MangaView.swift in Sources */,
				4AA4A4012F0C0AF500835A49 /* BackgroundPictureView.swift in Sources */,
				4AF16A722F425B9E003D43BB /* UserMangaCollection.swift in Sources */,
				4AF16A7A2F425EC6003D43BB /* EditCollectionSheet.swift in Sources */,
				4AF9E66D2EE820D7005801A6 /* Network.swift in Sources */,
				4A8096282F408F7C0021993F /* BestMangasViewModel.swift in Sources */,
				4AEE6CED2F4A11FF00092CF2 /* CollectionEntryRow.swift in Sources */,
				4AEE6CEE2F4A11FF00092CF2 /* CurrentlyReadingRow.swift in Sources */,
				4AEE6CEF2F4A11FF00092CF2 /* MangaRow.swift in Sources */,
				4AEE6CF62F4A148000092CF2 /* UserProfileView.swift in Sources */,
				4AEE6CF02F4A11FF00092CF2 /* RatingView.swift in Sources */,
				4AEE6CF12F4A11FF00092CF2 /* VolumeChip.swift in Sources */,
				4AEE6CF22F4A11FF00092CF2 /* CollectionGridCard.swift in Sources */,
				4AEE6D312F4B4CD200092CF2 /* ModelContext+MangaPersistence.swift in Sources */,
				4AEE6CF32F4A11FF00092CF2 /* StatCard.swift in Sources */,
				4AEE6CF42F4A11FF00092CF2 /* CompleteMangaCard.swift in Sources */,
				4AF9E6542EE6DEB5005801A6 /* Model.swift in Sources */,
				4AF16A6C2F4255FC003D43BB /* StringExtensions.swift in Sources */,
				4AEE6D162F4A67F600092CF2 /* CustomSearch.swift in Sources */,
				4AEE6D172F4A67F600092CF2 /* MangaPageDTO.swift in Sources */,
				4AEE6D182F4A67F600092CF2 /* AuthorIdsRequest.swift in Sources */,
				4AEE6D192F4A67F600092CF2 /* DemographicDTO.swift in Sources */,
				4AEE6D1A2F4A67F600092CF2 /* GenreDTO.swift in Sources */,
				4AEE6D1B2F4A67F600092CF2 /* ThemeDTO.swift in Sources */,
				4AEE6D1E2F4A67F600092CF2 /* AuthorDTO.swift in Sources */,
				4AEE6D1F2F4A67F600092CF2 /* UsersCreate.swift in Sources */,
				4AEE6D202F4A67F600092CF2 /* UserMangaCollectionRequest.swift in Sources */,
				4AEE6D212F4A67F600092CF2 /* UserMangaCollectionDTO.swift in Sources */,
				4AEE6D232F4A67F600092CF2 /* AuthorRole.swift in Sources */,
				4AEE6D242F4A67F600092CF2 /* PageMetadataDTO.swift in Sources */,
				4AEE6D252F4A67F600092CF2 /* AuthorPageDTO.swift in Sources */,
				4AEE6D262F4A67F600092CF2 /* JWTTokenResponse.swift in Sources */,
				4AEE6D282F4A67F600092CF2 /* TokenResponse.swift in Sources */,
				4AEE6D292F4A67F600092CF2 /* MangaStatus.swift in Sources */,
				4AEE6D2A2F4A67F600092CF2 /* MangaDTO.swift in Sources */,
				4AEE6D2D2F4A67F600092CF2 /* UserResponse.swift in Sources */,
				4A8096262F3FD5180021993F /* MangaListView.swift in Sources */,
			);
			runOnlyForDeploymentPostprocessing = 0;
		};
/* End PBXSourcesBuildPhase section */

/* Begin XCBuildConfiguration section */
		4A7D62152EE43966005006CE /* Debug */ = {
			isa = XCBuildConfiguration;
			buildSettings = {
				ALWAYS_SEARCH_USER_PATHS = NO;
				ASSETCATALOG_COMPILER_GENERATE_SWIFT_ASSET_SYMBOL_EXTENSIONS = YES;
				CLANG_ANALYZER_NONNULL = YES;
				CLANG_ANALYZER_NUMBER_OBJECT_CONVERSION = YES_AGGRESSIVE;
				CLANG_CXX_LANGUAGE_STANDARD = "gnu++20";
				CLANG_ENABLE_MODULES = YES;
				CLANG_ENABLE_OBJC_ARC = YES;
				CLANG_ENABLE_OBJC_WEAK = YES;
				CLANG_WARN_BLOCK_CAPTURE_AUTORELEASING = YES;
				CLANG_WARN_BOOL_CONVERSION = YES;
				CLANG_WARN_COMMA = YES;
				CLANG_WARN_CONSTANT_CONVERSION = YES;
				CLANG_WARN_DEPRECATED_OBJC_IMPLEMENTATIONS = YES;
				CLANG_WARN_DIRECT_OBJC_ISA_USAGE = YES_ERROR;
				CLANG_WARN_DOCUMENTATION_COMMENTS = YES;
				CLANG_WARN_EMPTY_BODY = YES;
				CLANG_WARN_ENUM_CONVERSION = YES;
				CLANG_WARN_INFINITE_RECURSION = YES;
				CLANG_WARN_INT_CONVERSION = YES;
				CLANG_WARN_NON_LITERAL_NULL_CONVERSION = YES;
				CLANG_WARN_OBJC_IMPLICIT_RETAIN_SELF = YES;
				CLANG_WARN_OBJC_LITERAL_CONVERSION = YES;
				CLANG_WARN_OBJC_ROOT_CLASS = YES_ERROR;
				CLANG_WARN_QUOTED_INCLUDE_IN_FRAMEWORK_HEADER = YES;
				CLANG_WARN_RANGE_LOOP_ANALYSIS = YES;
				CLANG_WARN_STRICT_PROTOTYPES = YES;
				CLANG_WARN_SUSPICIOUS_MOVE = YES;
				CLANG_WARN_UNGUARDED_AVAILABILITY = YES_AGGRESSIVE;
				CLANG_WARN_UNREACHABLE_CODE = YES;
				CLANG_WARN__DUPLICATE_METHOD_MATCH = YES;
				COPY_PHASE_STRIP = NO;
				DEBUG_INFORMATION_FORMAT = dwarf;
				DEVELOPMENT_TEAM = 2WATSHBXAF;
				ENABLE_STRICT_OBJC_MSGSEND = YES;
				ENABLE_TESTABILITY = YES;
				ENABLE_USER_SCRIPT_SANDBOXING = YES;
				GCC_C_LANGUAGE_STANDARD = gnu17;
				GCC_DYNAMIC_NO_PIC = NO;
				GCC_NO_COMMON_BLOCKS = YES;
				GCC_OPTIMIZATION_LEVEL = 0;
				GCC_PREPROCESSOR_DEFINITIONS = (
					"DEBUG=1",
					"$(inherited)",
				);
				GCC_WARN_64_TO_32_BIT_CONVERSION = YES;
				GCC_WARN_ABOUT_RETURN_TYPE = YES_ERROR;
				GCC_WARN_UNDECLARED_SELECTOR = YES;
				GCC_WARN_UNINITIALIZED_AUTOS = YES_AGGRESSIVE;
				GCC_WARN_UNUSED_FUNCTION = YES;
				GCC_WARN_UNUSED_VARIABLE = YES;
				IPHONEOS_DEPLOYMENT_TARGET = 26.1;
				LOCALIZATION_PREFERS_STRING_CATALOGS = YES;
				MTL_ENABLE_DEBUG_INFO = INCLUDE_SOURCE;
				MTL_FAST_MATH = YES;
				ONLY_ACTIVE_ARCH = YES;
				SDKROOT = iphoneos;
				STRING_CATALOG_GENERATE_SYMBOLS = YES;
				SWIFT_ACTIVE_COMPILATION_CONDITIONS = "DEBUG $(inherited)";
				SWIFT_APPROACHABLE_CONCURRENCY = YES;
				SWIFT_DEFAULT_ACTOR_ISOLATION = MainActor;
				SWIFT_OPTIMIZATION_LEVEL = "-Onone";
				SWIFT_STRICT_CONCURRENCY = complete;
			};
			name = Debug;
		};
		4A7D62162EE43966005006CE /* Release */ = {
			isa = XCBuildConfiguration;
			buildSettings = {
				ALWAYS_SEARCH_USER_PATHS = NO;
				ASSETCATALOG_COMPILER_GENERATE_SWIFT_ASSET_SYMBOL_EXTENSIONS = YES;
				CLANG_ANALYZER_NONNULL = YES;
				CLANG_ANALYZER_NUMBER_OBJECT_CONVERSION = YES_AGGRESSIVE;
				CLANG_CXX_LANGUAGE_STANDARD = "gnu++20";
				CLANG_ENABLE_MODULES = YES;
				CLANG_ENABLE_OBJC_ARC = YES;
				CLANG_ENABLE_OBJC_WEAK = YES;
				CLANG_WARN_BLOCK_CAPTURE_AUTORELEASING = YES;
				CLANG_WARN_BOOL_CONVERSION = YES;
				CLANG_WARN_COMMA = YES;
				CLANG_WARN_CONSTANT_CONVERSION = YES;
				CLANG_WARN_DEPRECATED_OBJC_IMPLEMENTATIONS = YES;
				CLANG_WARN_DIRECT_OBJC_ISA_USAGE = YES_ERROR;
				CLANG_WARN_DOCUMENTATION_COMMENTS = YES;
				CLANG_WARN_EMPTY_BODY = YES;
				CLANG_WARN_ENUM_CONVERSION = YES;
				CLANG_WARN_INFINITE_RECURSION = YES;
				CLANG_WARN_INT_CONVERSION = YES;
				CLANG_WARN_NON_LITERAL_NULL_CONVERSION = YES;
				CLANG_WARN_OBJC_IMPLICIT_RETAIN_SELF = YES;
				CLANG_WARN_OBJC_LITERAL_CONVERSION = YES;
				CLANG_WARN_OBJC_ROOT_CLASS = YES_ERROR;
				CLANG_WARN_QUOTED_INCLUDE_IN_FRAMEWORK_HEADER = YES;
				CLANG_WARN_RANGE_LOOP_ANALYSIS = YES;
				CLANG_WARN_STRICT_PROTOTYPES = YES;
				CLANG_WARN_SUSPICIOUS_MOVE = YES;
				CLANG_WARN_UNGUARDED_AVAILABILITY = YES_AGGRESSIVE;
				CLANG_WARN_UNREACHABLE_CODE = YES;
				CLANG_WARN__DUPLICATE_METHOD_MATCH = YES;
				COPY_PHASE_STRIP = NO;
				DEBUG_INFORMATION_FORMAT = "dwarf-with-dsym";
				DEVELOPMENT_TEAM = 2WATSHBXAF;
				ENABLE_NS_ASSERTIONS = NO;
				ENABLE_STRICT_OBJC_MSGSEND = YES;
				ENABLE_USER_SCRIPT_SANDBOXING = YES;
				GCC_C_LANGUAGE_STANDARD = gnu17;
				GCC_NO_COMMON_BLOCKS = YES;
				GCC_WARN_64_TO_32_BIT_CONVERSION = YES;
				GCC_WARN_ABOUT_RETURN_TYPE = YES_ERROR;
				GCC_WARN_UNDECLARED_SELECTOR = YES;
				GCC_WARN_UNINITIALIZED_AUTOS = YES_AGGRESSIVE;
				GCC_WARN_UNUSED_FUNCTION = YES;
				GCC_WARN_UNUSED_VARIABLE = YES;
				IPHONEOS_DEPLOYMENT_TARGET = 26.1;
				LOCALIZATION_PREFERS_STRING_CATALOGS = YES;
				MTL_ENABLE_DEBUG_INFO = NO;
				MTL_FAST_MATH = YES;
				SDKROOT = iphoneos;
				STRING_CATALOG_GENERATE_SYMBOLS = YES;
				SWIFT_APPROACHABLE_CONCURRENCY = YES;
				SWIFT_COMPILATION_MODE = wholemodule;
				SWIFT_DEFAULT_ACTOR_ISOLATION = MainActor;
				SWIFT_STRICT_CONCURRENCY = complete;
				VALIDATE_PRODUCT = YES;
			};
			name = Release;
		};
		4A7D62182EE43966005006CE /* Debug */ = {
			isa = XCBuildConfiguration;
			buildSettings = {
				ASSETCATALOG_COMPILER_APPICON_NAME = mangas;
				ASSETCATALOG_COMPILER_GLOBAL_ACCENT_COLOR_NAME = AccentColor;
				ASSETCATALOG_COMPILER_INCLUDE_ALL_APPICON_ASSETS = NO;
				CODE_SIGN_STYLE = Automatic;
				CURRENT_PROJECT_VERSION = 1;
				DEVELOPMENT_TEAM = 2WATSHBXAF;
				ENABLE_PREVIEWS = YES;
				GENERATE_INFOPLIST_FILE = YES;
				INFOPLIST_KEY_UIApplicationSceneManifest_Generation = YES;
				INFOPLIST_KEY_UIApplicationSupportsIndirectInputEvents = YES;
				INFOPLIST_KEY_UILaunchScreen_Generation = YES;
				INFOPLIST_KEY_UISupportedInterfaceOrientations_iPad = "UIInterfaceOrientationPortrait UIInterfaceOrientationPortraitUpsideDown UIInterfaceOrientationLandscapeLeft UIInterfaceOrientationLandscapeRight";
				INFOPLIST_KEY_UISupportedInterfaceOrientations_iPhone = "UIInterfaceOrientationPortrait UIInterfaceOrientationLandscapeLeft UIInterfaceOrientationLandscapeRight";
				LD_RUNPATH_SEARCH_PATHS = (
					"$(inherited)",
					"@executable_path/Frameworks",
				);
				MARKETING_VERSION = 1.0;
				PRODUCT_BUNDLE_IDENTIFIER = com.grobinson.MisMangas;
				PRODUCT_NAME = "$(TARGET_NAME)";
				STRING_CATALOG_GENERATE_SYMBOLS = YES;
				SWIFT_APPROACHABLE_CONCURRENCY = YES;
				SWIFT_DEFAULT_ACTOR_ISOLATION = MainActor;
				SWIFT_EMIT_LOC_STRINGS = YES;
				SWIFT_UPCOMING_FEATURE_MEMBER_IMPORT_VISIBILITY = YES;
				SWIFT_VERSION = 5.0;
				TARGETED_DEVICE_FAMILY = "1,2";
			};
			name = Debug;
		};
		4A7D62192EE43966005006CE /* Release */ = {
			isa = XCBuildConfiguration;
			buildSettings = {
				ASSETCATALOG_COMPILER_APPICON_NAME = mangas;
				ASSETCATALOG_COMPILER_GLOBAL_ACCENT_COLOR_NAME = AccentColor;
				ASSETCATALOG_COMPILER_INCLUDE_ALL_APPICON_ASSETS = NO;
				CODE_SIGN_STYLE = Automatic;
				CURRENT_PROJECT_VERSION = 1;
				DEVELOPMENT_TEAM = 2WATSHBXAF;
				ENABLE_PREVIEWS = YES;
				GENERATE_INFOPLIST_FILE = YES;
				INFOPLIST_KEY_UIApplicationSceneManifest_Generation = YES;
				INFOPLIST_KEY_UIApplicationSupportsIndirectInputEvents = YES;
				INFOPLIST_KEY_UILaunchScreen_Generation = YES;
				INFOPLIST_KEY_UISupportedInterfaceOrientations_iPad = "UIInterfaceOrientationPortrait UIInterfaceOrientationPortraitUpsideDown UIInterfaceOrientationLandscapeLeft UIInterfaceOrientationLandscapeRight";
				INFOPLIST_KEY_UISupportedInterfaceOrientations_iPhone = "UIInterfaceOrientationPortrait UIInterfaceOrientationLandscapeLeft UIInterfaceOrientationLandscapeRight";
				LD_RUNPATH_SEARCH_PATHS = (
					"$(inherited)",
					"@executable_path/Frameworks",
				);
				MARKETING_VERSION = 1.0;
				PRODUCT_BUNDLE_IDENTIFIER = com.grobinson.MisMangas;
				PRODUCT_NAME = "$(TARGET_NAME)";
				STRING_CATALOG_GENERATE_SYMBOLS = YES;
				SWIFT_APPROACHABLE_CONCURRENCY = YES;
				SWIFT_DEFAULT_ACTOR_ISOLATION = MainActor;
				SWIFT_EMIT_LOC_STRINGS = YES;
				SWIFT_UPCOMING_FEATURE_MEMBER_IMPORT_VISIBILITY = YES;
				SWIFT_VERSION = 5.0;
				TARGETED_DEVICE_FAMILY = "1,2";
			};
			name = Release;
		};
/* End XCBuildConfiguration section */

/* Begin XCConfigurationList section */
		4A7D62072EE43963005006CE /* Build configuration list for PBXProject "MisMangas" */ = {
			isa = XCConfigurationList;
			buildConfigurations = (
				4A7D62152EE43966005006CE /* Debug */,
				4A7D62162EE43966005006CE /* Release */,
			);
			defaultConfigurationIsVisible = 0;
			defaultConfigurationName = Release;
		};
		4A7D62172EE43966005006CE /* Build configuration list for PBXNativeTarget "MisMangas" */ = {
			isa = XCConfigurationList;
			buildConfigurations = (
				4A7D62182EE43966005006CE /* Debug */,
				4A7D62192EE43966005006CE /* Release */,
			);
			defaultConfigurationIsVisible = 0;
			defaultConfigurationName = Release;
		};
/* End XCConfigurationList section */

/* Begin XCLocalSwiftPackageReference section */
		4AAE82382EFAF67200B870C6 /* XCLocalSwiftPackageReference "../../Library/Mobile Documents/com~apple~CloudDocs/Swift Develope/NetworkAPI" */ = {
			isa = XCLocalSwiftPackageReference;
			relativePath = "../../Library/Mobile Documents/com~apple~CloudDocs/Swift Develope/NetworkAPI";
		};
/* End XCLocalSwiftPackageReference section */

/* Begin XCSwiftPackageProductDependency section */
		4AAE82392EFAF67200B870C6 /* NetworkAPI */ = {
			isa = XCSwiftPackageProductDependency;
			productName = NetworkAPI;
		};
/* End XCSwiftPackageProductDependency section */
	};
	rootObject = 4A7D62042EE43963005006CE /* Project object */;
}
